
Microsoft Visual Studio Solution File, Format Version 12.00
# Visual Studio Version 17
VisualStudioVersion = 17.3.32929.385
MinimumVisualStudioVersion = 10.0.40219.1
Project("{6EC3EE1D-3C4E-46DD-8F32-0CC8E7565705}") = "arcIO.NET", "src\arcIO.NET\arcIO.NET.fsproj", "{E7921F28-FB81-4029-815D-C6974FD345EC}"
EndProject
Project("{6EC3EE1D-3C4E-46DD-8F32-0CC8E7565705}") = "Build", "build\Build.fsproj", "{E7F453CD-BCCA-42EF-96A2-C74B9A09A593}"
EndProject
Global
	GlobalSection(SolutionConfigurationPlatforms) = preSolution
		Debug|Any CPU = Debug|Any CPU
		Debug|x64 = Debug|x64
		Debug|x86 = Debug|x86
		Release|Any CPU = Release|Any CPU
		Release|x64 = Release|x64
		Release|x86 = Release|x86
	EndGlobalSection
	GlobalSection(ProjectConfigurationPlatforms) = postSolution
		{E7921F28-FB81-4029-815D-C6974FD345EC}.Debug|Any CPU.ActiveCfg = Debug|Any CPU
		{E7921F28-FB81-4029-815D-C6974FD345EC}.Debug|Any CPU.Build.0 = Debug|Any CPU
		{E7921F28-FB81-4029-815D-C6974FD345EC}.Debug|x64.ActiveCfg = Debug|Any CPU
		{E7921F28-FB81-4029-815D-C6974FD345EC}.Debug|x64.Build.0 = Debug|Any CPU
		{E7921F28-FB81-4029-815D-C6974FD345EC}.Debug|x86.ActiveCfg = Debug|Any CPU
		{E7921F28-FB81-4029-815D-C6974FD345EC}.Debug|x86.Build.0 = Debug|Any CPU
		{E7921F28-FB81-4029-815D-C6974FD345EC}.Release|Any CPU.ActiveCfg = Release|Any CPU
		{E7921F28-FB81-4029-815D-C6974FD345EC}.Release|Any CPU.Build.0 = Release|Any CPU
		{E7921F28-FB81-4029-815D-C6974FD345EC}.Release|x64.ActiveCfg = Release|Any CPU
		{E7921F28-FB81-4029-815D-C6974FD345EC}.Release|x64.Build.0 = Release|Any CPU
		{E7921F28-FB81-4029-815D-C6974FD345EC}.Release|x86.ActiveCfg = Release|Any CPU
		{E7921F28-FB81-4029-815D-C6974FD345EC}.Release|x86.Build.0 = Release|Any CPU
		{E7F453CD-BCCA-42EF-96A2-C74B9A09A593}.Debug|Any CPU.ActiveCfg = Debug|Any CPU
		{E7F453CD-BCCA-42EF-96A2-C74B9A09A593}.Debug|Any CPU.Build.0 = Debug|Any CPU
		{E7F453CD-BCCA-42EF-96A2-C74B9A09A593}.Debug|x64.ActiveCfg = Debug|Any CPU
		{E7F453CD-BCCA-42EF-96A2-C74B9A09A593}.Debug|x64.Build.0 = Debug|Any CPU
		{E7F453CD-BCCA-42EF-96A2-C74B9A09A593}.Debug|x86.ActiveCfg = Debug|Any CPU
		{E7F453CD-BCCA-42EF-96A2-C74B9A09A593}.Debug|x86.Build.0 = Debug|Any CPU
		{E7F453CD-BCCA-42EF-96A2-C74B9A09A593}.Release|Any CPU.ActiveCfg = Release|Any CPU
		{E7F453CD-BCCA-42EF-96A2-C74B9A09A593}.Release|Any CPU.Build.0 = Release|Any CPU
		{E7F453CD-BCCA-42EF-96A2-C74B9A09A593}.Release|x64.ActiveCfg = Release|Any CPU
		{E7F453CD-BCCA-42EF-96A2-C74B9A09A593}.Release|x64.Build.0 = Release|Any CPU
		{E7F453CD-BCCA-42EF-96A2-C74B9A09A593}.Release|x86.ActiveCfg = Release|Any CPU
		{E7F453CD-BCCA-42EF-96A2-C74B9A09A593}.Release|x86.Build.0 = Release|Any CPU
	EndGlobalSection
	GlobalSection(SolutionProperties) = preSolution
		HideSolutionNode = FALSE
	EndGlobalSection
	GlobalSection(ExtensibilityGlobals) = postSolution
		SolutionGuid = {3A425C7F-A14A-4B3B-A777-30DB560EE6A5}
	EndGlobalSection
EndGlobal
