
Microsoft Visual Studio Solution File, Format Version 12.00
# Visual Studio Version 16
VisualStudioVersion = 16.0.32602.291
MinimumVisualStudioVersion = 10.0.40219.1
Project("{6EC3EE1D-3C4E-46DD-8F32-0CC8E7565705}") = "ISADotNet.IO", "src\ISADotNet.IO\ISADotNet.IO.fsproj", "{D0BCA584-08DA-4C14-B088-E92EB2BD3A74}"
EndProject
Project("{F2A71F9B-5D33-465A-A702-920D77279786}") = "arcIO.Net", "src\arcIO.Net\arcIO.Net.fsproj", "{8F77AA86-A32E-4C6A-90D9-05347C59E12F}"
EndProject
Global
	GlobalSection(SolutionConfigurationPlatforms) = preSolution
		Debug|Any CPU = Debug|Any CPU
		Release|Any CPU = Release|Any CPU
	EndGlobalSection
	GlobalSection(ProjectConfigurationPlatforms) = postSolution
		{D0BCA584-08DA-4C14-B088-E92EB2BD3A74}.Debug|Any CPU.ActiveCfg = Debug|Any CPU
		{D0BCA584-08DA-4C14-B088-E92EB2BD3A74}.Debug|Any CPU.Build.0 = Debug|Any CPU
		{D0BCA584-08DA-4C14-B088-E92EB2BD3A74}.Release|Any CPU.ActiveCfg = Release|Any CPU
		{D0BCA584-08DA-4C14-B088-E92EB2BD3A74}.Release|Any CPU.Build.0 = Release|Any CPU
		{8F77AA86-A32E-4C6A-90D9-05347C59E12F}.Debug|Any CPU.ActiveCfg = Debug|Any CPU
		{8F77AA86-A32E-4C6A-90D9-05347C59E12F}.Debug|Any CPU.Build.0 = Debug|Any CPU
		{8F77AA86-A32E-4C6A-90D9-05347C59E12F}.Release|Any CPU.ActiveCfg = Release|Any CPU
		{8F77AA86-A32E-4C6A-90D9-05347C59E12F}.Release|Any CPU.Build.0 = Release|Any CPU
	EndGlobalSection
	GlobalSection(SolutionProperties) = preSolution
		HideSolutionNode = FALSE
	EndGlobalSection
	GlobalSection(ExtensibilityGlobals) = postSolution
		SolutionGuid = {3A425C7F-A14A-4B3B-A777-30DB560EE6A5}
	EndGlobalSection
EndGlobal
