
Microsoft Visual Studio Solution File, Format Version 12.00
# Visual Studio Version 17
VisualStudioVersion = 17.3.32929.385
MinimumVisualStudioVersion = 10.0.40219.1
Project("{6EC3EE1D-3C4E-46DD-8F32-0CC8E7565705}") = "Build", "build\Build.fsproj", "{E7F453CD-BCCA-42EF-96A2-C74B9A09A593}"
EndProject
Project("{2150E333-8FDC-42A3-9474-1A3956D46DE8}") = "Solution Items", "Solution Items", "{E13D0F57-B0E0-4BAA-BD27-9136C8307BDA}"
	ProjectSection(SolutionItems) = preProject
		.gitignore = .gitignore
		build.cmd = build.cmd
		global.json = global.json
		LICENSE = LICENSE
		README.md = README.md
		RELEASE_NOTES.md = RELEASE_NOTES.md
	EndProjectSection
EndProject
Project("{6EC3EE1D-3C4E-46DD-8F32-0CC8E7565705}") = "ARCtrl.NET", "src\ARCtrl.NET\ARCtrl.NET.fsproj", "{A6324D54-1D9A-4EE8-BD57-FEB59132821B}"
EndProject
Project("{6EC3EE1D-3C4E-46DD-8F32-0CC8E7565705}") = "ARCtrl.NET.Tests", "tests\ARCtrl.NET.Tests\ARCtrl.NET.Tests.fsproj", "{74227D27-9ED9-45CC-BF80-1569C80719F7}"
EndProject
Project("{6EC3EE1D-3C4E-46DD-8F32-0CC8E7565705}") = "ARCtrl.QueryModel", "src\ARCtrl.QueryModel\ARCtrl.QueryModel.fsproj", "{9CCCC686-8294-4A5C-AC93-B605821544A0}"
EndProject
Global
	GlobalSection(SolutionConfigurationPlatforms) = preSolution
		Debug|Any CPU = Debug|Any CPU
		Debug|x64 = Debug|x64
		Debug|x86 = Debug|x86
		Release|Any CPU = Release|Any CPU
		Release|x64 = Release|x64
		Release|x86 = Release|x86
	EndGlobalSection
	GlobalSection(ProjectConfigurationPlatforms) = postSolution
		{E7F453CD-BCCA-42EF-96A2-C74B9A09A593}.Debug|Any CPU.ActiveCfg = Debug|Any CPU
		{E7F453CD-BCCA-42EF-96A2-C74B9A09A593}.Debug|Any CPU.Build.0 = Debug|Any CPU
		{E7F453CD-BCCA-42EF-96A2-C74B9A09A593}.Debug|x64.ActiveCfg = Debug|Any CPU
		{E7F453CD-BCCA-42EF-96A2-C74B9A09A593}.Debug|x64.Build.0 = Debug|Any CPU
		{E7F453CD-BCCA-42EF-96A2-C74B9A09A593}.Debug|x86.ActiveCfg = Debug|Any CPU
		{E7F453CD-BCCA-42EF-96A2-C74B9A09A593}.Debug|x86.Build.0 = Debug|Any CPU
		{E7F453CD-BCCA-42EF-96A2-C74B9A09A593}.Release|Any CPU.ActiveCfg = Release|Any CPU
		{E7F453CD-BCCA-42EF-96A2-C74B9A09A593}.Release|Any CPU.Build.0 = Release|Any CPU
		{E7F453CD-BCCA-42EF-96A2-C74B9A09A593}.Release|x64.ActiveCfg = Release|Any CPU
		{E7F453CD-BCCA-42EF-96A2-C74B9A09A593}.Release|x64.Build.0 = Release|Any CPU
		{E7F453CD-BCCA-42EF-96A2-C74B9A09A593}.Release|x86.ActiveCfg = Release|Any CPU
		{E7F453CD-BCCA-42EF-96A2-C74B9A09A593}.Release|x86.Build.0 = Release|Any CPU
		{A6324D54-1D9A-4EE8-BD57-FEB59132821B}.Debug|Any CPU.ActiveCfg = Debug|Any CPU
		{A6324D54-1D9A-4EE8-BD57-FEB59132821B}.Debug|Any CPU.Build.0 = Debug|Any CPU
		{A6324D54-1D9A-4EE8-BD57-FEB59132821B}.Debug|x64.ActiveCfg = Debug|Any CPU
		{A6324D54-1D9A-4EE8-BD57-FEB59132821B}.Debug|x64.Build.0 = Debug|Any CPU
		{A6324D54-1D9A-4EE8-BD57-FEB59132821B}.Debug|x86.ActiveCfg = Debug|Any CPU
		{A6324D54-1D9A-4EE8-BD57-FEB59132821B}.Debug|x86.Build.0 = Debug|Any CPU
		{A6324D54-1D9A-4EE8-BD57-FEB59132821B}.Release|Any CPU.ActiveCfg = Release|Any CPU
		{A6324D54-1D9A-4EE8-BD57-FEB59132821B}.Release|Any CPU.Build.0 = Release|Any CPU
		{A6324D54-1D9A-4EE8-BD57-FEB59132821B}.Release|x64.ActiveCfg = Release|Any CPU
		{A6324D54-1D9A-4EE8-BD57-FEB59132821B}.Release|x64.Build.0 = Release|Any CPU
		{A6324D54-1D9A-4EE8-BD57-FEB59132821B}.Release|x86.ActiveCfg = Release|Any CPU
		{A6324D54-1D9A-4EE8-BD57-FEB59132821B}.Release|x86.Build.0 = Release|Any CPU
		{74227D27-9ED9-45CC-BF80-1569C80719F7}.Debug|Any CPU.ActiveCfg = Debug|Any CPU
		{74227D27-9ED9-45CC-BF80-1569C80719F7}.Debug|Any CPU.Build.0 = Debug|Any CPU
		{74227D27-9ED9-45CC-BF80-1569C80719F7}.Debug|x64.ActiveCfg = Debug|Any CPU
		{74227D27-9ED9-45CC-BF80-1569C80719F7}.Debug|x64.Build.0 = Debug|Any CPU
		{74227D27-9ED9-45CC-BF80-1569C80719F7}.Debug|x86.ActiveCfg = Debug|Any CPU
		{74227D27-9ED9-45CC-BF80-1569C80719F7}.Debug|x86.Build.0 = Debug|Any CPU
		{74227D27-9ED9-45CC-BF80-1569C80719F7}.Release|Any CPU.ActiveCfg = Release|Any CPU
		{74227D27-9ED9-45CC-BF80-1569C80719F7}.Release|Any CPU.Build.0 = Release|Any CPU
		{74227D27-9ED9-45CC-BF80-1569C80719F7}.Release|x64.ActiveCfg = Release|Any CPU
		{74227D27-9ED9-45CC-BF80-1569C80719F7}.Release|x64.Build.0 = Release|Any CPU
		{74227D27-9ED9-45CC-BF80-1569C80719F7}.Release|x86.ActiveCfg = Release|Any CPU
		{74227D27-9ED9-45CC-BF80-1569C80719F7}.Release|x86.Build.0 = Release|Any CPU
		{9CCCC686-8294-4A5C-AC93-B605821544A0}.Debug|Any CPU.ActiveCfg = Debug|Any CPU
		{9CCCC686-8294-4A5C-AC93-B605821544A0}.Debug|Any CPU.Build.0 = Debug|Any CPU
		{9CCCC686-8294-4A5C-AC93-B605821544A0}.Debug|x64.ActiveCfg = Debug|Any CPU
		{9CCCC686-8294-4A5C-AC93-B605821544A0}.Debug|x64.Build.0 = Debug|Any CPU
		{9CCCC686-8294-4A5C-AC93-B605821544A0}.Debug|x86.ActiveCfg = Debug|Any CPU
		{9CCCC686-8294-4A5C-AC93-B605821544A0}.Debug|x86.Build.0 = Debug|Any CPU
		{9CCCC686-8294-4A5C-AC93-B605821544A0}.Release|Any CPU.ActiveCfg = Release|Any CPU
		{9CCCC686-8294-4A5C-AC93-B605821544A0}.Release|Any CPU.Build.0 = Release|Any CPU
		{9CCCC686-8294-4A5C-AC93-B605821544A0}.Release|x64.ActiveCfg = Release|Any CPU
		{9CCCC686-8294-4A5C-AC93-B605821544A0}.Release|x64.Build.0 = Release|Any CPU
		{9CCCC686-8294-4A5C-AC93-B605821544A0}.Release|x86.ActiveCfg = Release|Any CPU
		{9CCCC686-8294-4A5C-AC93-B605821544A0}.Release|x86.Build.0 = Release|Any CPU
	EndGlobalSection
	GlobalSection(SolutionProperties) = preSolution
		HideSolutionNode = FALSE
	EndGlobalSection
	GlobalSection(ExtensibilityGlobals) = postSolution
		SolutionGuid = {3A425C7F-A14A-4B3B-A777-30DB560EE6A5}
	EndGlobalSection
EndGlobal
